
Microsoft Visual Studio Solution File, Format Version 12.00
# Visual Studio Version 16
VisualStudioVersion = 16.0.31025.218
MinimumVisualStudioVersion = 10.0.40219.1
Project("{FAE04EC0-301F-11D3-BF4B-00C04F79EFBC}") = "SteamInstaller", "SteamInstaller\SteamInstaller.csproj", "{E4201D20-D8B2-4E1E-8D5B-21AFA22A0CB4}"
EndProject
Global
	GlobalSection(SolutionConfigurationPlatforms) = preSolution
		Debug|Any CPU = Debug|Any CPU
		Release|Any CPU = Release|Any CPU
	EndGlobalSection
	GlobalSection(ProjectConfigurationPlatforms) = postSolution
		{E4201D20-D8B2-4E1E-8D5B-21AFA22A0CB4}.Debug|Any CPU.ActiveCfg = Debug|Any CPU
		{E4201D20-D8B2-4E1E-8D5B-21AFA22A0CB4}.Debug|Any CPU.Build.0 = Debug|Any CPU
		{E4201D20-D8B2-4E1E-8D5B-21AFA22A0CB4}.Release|Any CPU.ActiveCfg = Release|Any CPU
		{E4201D20-D8B2-4E1E-8D5B-21AFA22A0CB4}.Release|Any CPU.Build.0 = Release|Any CPU
	EndGlobalSection
	GlobalSection(SolutionProperties) = preSolution
		HideSolutionNode = FALSE
	EndGlobalSection
	GlobalSection(ExtensibilityGlobals) = postSolution
		SolutionGuid = {B8B67121-3781-4A1D-994B-96182A1DD2C2}
	EndGlobalSection
EndGlobal
